
Microsoft Visual Studio Solution File, Format Version 12.00
# Visual Studio Version 17
VisualStudioVersion = 17.0.31903.59
MinimumVisualStudioVersion = 10.0.40219.1
Project("{2150E333-8FDC-42A3-9474-1A3956D46DE8}") = "src", "src", "{827E0CD3-B72D-47B6-A68D-7590B98EB39B}"
EndProject
Project("{2150E333-8FDC-42A3-9474-1A3956D46DE8}") = "Core", "Core", "{8D626EA8-CB54-BC41-363A-217881BEBA6E}"
EndProject
Project("{FAE04EC0-301F-11D3-BF4B-00C04F79EFBC}") = "PFM.Domain", "src\Core\PFM.Domain\PFM.Domain.csproj", "{709FB5BE-9F27-474F-AB6D-825AC81AEB47}"
EndProject
Project("{FAE04EC0-301F-11D3-BF4B-00C04F79EFBC}") = "PFM.Application", "src\Core\PFM.Application\PFM.Application.csproj", "{57F5859C-6F8D-4787-BE33-D5647232F347}"
EndProject
Project("{2150E333-8FDC-42A3-9474-1A3956D46DE8}") = "Infrastructure", "Infrastructure", "{9048EB7F-3875-A59E-E36B-5BD4C6F2A282}"
EndProject
Project("{FAE04EC0-301F-11D3-BF4B-00C04F79EFBC}") = "PFM.Infrastructure", "src\Infrastructure\PFM.Infrastructure\PFM.Infrastructure.csproj", "{B62DCCAB-8176-479B-B7F6-4232568A59F9}"
EndProject
Project("{2150E333-8FDC-42A3-9474-1A3956D46DE8}") = "Presentation", "Presentation", "{6996BBF7-DB31-59BC-C7DD-9A7CCC6138C4}"
EndProject
Project("{FAE04EC0-301F-11D3-BF4B-00C04F79EFBC}") = "PFM.WebAPI", "src\Presentation\PFM.WebAPI\PFM.WebAPI.csproj", "{E3E29880-7987-44EE-B894-8658E9AF8A01}"
EndProject
Project("{2150E333-8FDC-42A3-9474-1A3956D46DE8}") = "Tests", "Tests", "{CEA09484-30F6-4D44-02F6-822E06DBC57C}"
EndProject
Project("{FAE04EC0-301F-11D3-BF4B-00C04F79EFBC}") = "PFM.Domain.Tests", "src\Tests\PFM.Domain.Tests\PFM.Domain.Tests.csproj", "{0CAF367A-A26E-462A-A3B1-206EABEF5D68}"
EndProject
Project("{FAE04EC0-301F-11D3-BF4B-00C04F79EFBC}") = "PFM.Application.Tests", "src\Tests\PFM.Application.Tests\PFM.Application.Tests.csproj", "{8D348BD1-B6E3-4A77-BE3C-9ED548C2FAF6}"
EndProject
Project("{FAE04EC0-301F-11D3-BF4B-00C04F79EFBC}") = "PFM.Integration.Tests", "src\Tests\PFM.Integration.Tests\PFM.Integration.Tests.csproj", "{0836DE8F-5377-43F5-8BC9-043E87992863}"
EndProject
Global
	GlobalSection(SolutionConfigurationPlatforms) = preSolution
		Debug|Any CPU = Debug|Any CPU
		Debug|x64 = Debug|x64
		Debug|x86 = Debug|x86
		Release|Any CPU = Release|Any CPU
		Release|x64 = Release|x64
		Release|x86 = Release|x86
	EndGlobalSection
	GlobalSection(ProjectConfigurationPlatforms) = postSolution
		{709FB5BE-9F27-474F-AB6D-825AC81AEB47}.Debug|Any CPU.ActiveCfg = Debug|Any CPU
		{709FB5BE-9F27-474F-AB6D-825AC81AEB47}.Debug|Any CPU.Build.0 = Debug|Any CPU
		{709FB5BE-9F27-474F-AB6D-825AC81AEB47}.Debug|x64.ActiveCfg = Debug|Any CPU
		{709FB5BE-9F27-474F-AB6D-825AC81AEB47}.Debug|x64.Build.0 = Debug|Any CPU
		{709FB5BE-9F27-474F-AB6D-825AC81AEB47}.Debug|x86.ActiveCfg = Debug|Any CPU
		{709FB5BE-9F27-474F-AB6D-825AC81AEB47}.Debug|x86.Build.0 = Debug|Any CPU
		{709FB5BE-9F27-474F-AB6D-825AC81AEB47}.Release|Any CPU.ActiveCfg = Release|Any CPU
		{709FB5BE-9F27-474F-AB6D-825AC81AEB47}.Release|Any CPU.Build.0 = Release|Any CPU
		{709FB5BE-9F27-474F-AB6D-825AC81AEB47}.Release|x64.ActiveCfg = Release|Any CPU
		{709FB5BE-9F27-474F-AB6D-825AC81AEB47}.Release|x64.Build.0 = Release|Any CPU
		{709FB5BE-9F27-474F-AB6D-825AC81AEB47}.Release|x86.ActiveCfg = Release|Any CPU
		{709FB5BE-9F27-474F-AB6D-825AC81AEB47}.Release|x86.Build.0 = Release|Any CPU
		{57F5859C-6F8D-4787-BE33-D5647232F347}.Debug|Any CPU.ActiveCfg = Debug|Any CPU
		{57F5859C-6F8D-4787-BE33-D5647232F347}.Debug|Any CPU.Build.0 = Debug|Any CPU
		{57F5859C-6F8D-4787-BE33-D5647232F347}.Debug|x64.ActiveCfg = Debug|Any CPU
		{57F5859C-6F8D-4787-BE33-D5647232F347}.Debug|x64.Build.0 = Debug|Any CPU
		{57F5859C-6F8D-4787-BE33-D5647232F347}.Debug|x86.ActiveCfg = Debug|Any CPU
		{57F5859C-6F8D-4787-BE33-D5647232F347}.Debug|x86.Build.0 = Debug|Any CPU
		{57F5859C-6F8D-4787-BE33-D5647232F347}.Release|Any CPU.ActiveCfg = Release|Any CPU
		{57F5859C-6F8D-4787-BE33-D5647232F347}.Release|Any CPU.Build.0 = Release|Any CPU
		{57F5859C-6F8D-4787-BE33-D5647232F347}.Release|x64.ActiveCfg = Release|Any CPU
		{57F5859C-6F8D-4787-BE33-D5647232F347}.Release|x64.Build.0 = Release|Any CPU
		{57F5859C-6F8D-4787-BE33-D5647232F347}.Release|x86.ActiveCfg = Release|Any CPU
		{57F5859C-6F8D-4787-BE33-D5647232F347}.Release|x86.Build.0 = Release|Any CPU
		{B62DCCAB-8176-479B-B7F6-4232568A59F9}.Debug|Any CPU.ActiveCfg = Debug|Any CPU
		{B62DCCAB-8176-479B-B7F6-4232568A59F9}.Debug|Any CPU.Build.0 = Debug|Any CPU
		{B62DCCAB-8176-479B-B7F6-4232568A59F9}.Debug|x64.ActiveCfg = Debug|Any CPU
		{B62DCCAB-8176-479B-B7F6-4232568A59F9}.Debug|x64.Build.0 = Debug|Any CPU
		{B62DCCAB-8176-479B-B7F6-4232568A59F9}.Debug|x86.ActiveCfg = Debug|Any CPU
		{B62DCCAB-8176-479B-B7F6-4232568A59F9}.Debug|x86.Build.0 = Debug|Any CPU
		{B62DCCAB-8176-479B-B7F6-4232568A59F9}.Release|Any CPU.ActiveCfg = Release|Any CPU
		{B62DCCAB-8176-479B-B7F6-4232568A59F9}.Release|Any CPU.Build.0 = Release|Any CPU
		{B62DCCAB-8176-479B-B7F6-4232568A59F9}.Release|x64.ActiveCfg = Release|Any CPU
		{B62DCCAB-8176-479B-B7F6-4232568A59F9}.Release|x64.Build.0 = Release|Any CPU
		{B62DCCAB-8176-479B-B7F6-4232568A59F9}.Release|x86.ActiveCfg = Release|Any CPU
		{B62DCCAB-8176-479B-B7F6-4232568A59F9}.Release|x86.Build.0 = Release|Any CPU
		{E3E29880-7987-44EE-B894-8658E9AF8A01}.Debug|Any CPU.ActiveCfg = Debug|Any CPU
		{E3E29880-7987-44EE-B894-8658E9AF8A01}.Debug|Any CPU.Build.0 = Debug|Any CPU
		{E3E29880-7987-44EE-B894-8658E9AF8A01}.Debug|x64.ActiveCfg = Debug|Any CPU
		{E3E29880-7987-44EE-B894-8658E9AF8A01}.Debug|x64.Build.0 = Debug|Any CPU
		{E3E29880-7987-44EE-B894-8658E9AF8A01}.Debug|x86.ActiveCfg = Debug|Any CPU
		{E3E29880-7987-44EE-B894-8658E9AF8A01}.Debug|x86.Build.0 = Debug|Any CPU
		{E3E29880-7987-44EE-B894-8658E9AF8A01}.Release|Any CPU.ActiveCfg = Release|Any CPU
		{E3E29880-7987-44EE-B894-8658E9AF8A01}.Release|Any CPU.Build.0 = Release|Any CPU
		{E3E29880-7987-44EE-B894-8658E9AF8A01}.Release|x64.ActiveCfg = Release|Any CPU
		{E3E29880-7987-44EE-B894-8658E9AF8A01}.Release|x64.Build.0 = Release|Any CPU
		{E3E29880-7987-44EE-B894-8658E9AF8A01}.Release|x86.ActiveCfg = Release|Any CPU
		{E3E29880-7987-44EE-B894-8658E9AF8A01}.Release|x86.Build.0 = Release|Any CPU
		{0CAF367A-A26E-462A-A3B1-206EABEF5D68}.Debug|Any CPU.ActiveCfg = Debug|Any CPU
		{0CAF367A-A26E-462A-A3B1-206EABEF5D68}.Debug|Any CPU.Build.0 = Debug|Any CPU
		{0CAF367A-A26E-462A-A3B1-206EABEF5D68}.Debug|x64.ActiveCfg = Debug|Any CPU
		{0CAF367A-A26E-462A-A3B1-206EABEF5D68}.Debug|x64.Build.0 = Debug|Any CPU
		{0CAF367A-A26E-462A-A3B1-206EABEF5D68}.Debug|x86.ActiveCfg = Debug|Any CPU
		{0CAF367A-A26E-462A-A3B1-206EABEF5D68}.Debug|x86.Build.0 = Debug|Any CPU
		{0CAF367A-A26E-462A-A3B1-206EABEF5D68}.Release|Any CPU.ActiveCfg = Release|Any CPU
		{0CAF367A-A26E-462A-A3B1-206EABEF5D68}.Release|Any CPU.Build.0 = Release|Any CPU
		{0CAF367A-A26E-462A-A3B1-206EABEF5D68}.Release|x64.ActiveCfg = Release|Any CPU
		{0CAF367A-A26E-462A-A3B1-206EABEF5D68}.Release|x64.Build.0 = Release|Any CPU
		{0CAF367A-A26E-462A-A3B1-206EABEF5D68}.Release|x86.ActiveCfg = Release|Any CPU
		{0CAF367A-A26E-462A-A3B1-206EABEF5D68}.Release|x86.Build.0 = Release|Any CPU
		{8D348BD1-B6E3-4A77-BE3C-9ED548C2FAF6}.Debug|Any CPU.ActiveCfg = Debug|Any CPU
		{8D348BD1-B6E3-4A77-BE3C-9ED548C2FAF6}.Debug|Any CPU.Build.0 = Debug|Any CPU
		{8D348BD1-B6E3-4A77-BE3C-9ED548C2FAF6}.Debug|x64.ActiveCfg = Debug|Any CPU
		{8D348BD1-B6E3-4A77-BE3C-9ED548C2FAF6}.Debug|x64.Build.0 = Debug|Any CPU
		{8D348BD1-B6E3-4A77-BE3C-9ED548C2FAF6}.Debug|x86.ActiveCfg = Debug|Any CPU
		{8D348BD1-B6E3-4A77-BE3C-9ED548C2FAF6}.Debug|x86.Build.0 = Debug|Any CPU
		{8D348BD1-B6E3-4A77-BE3C-9ED548C2FAF6}.Release|Any CPU.ActiveCfg = Release|Any CPU
		{8D348BD1-B6E3-4A77-BE3C-9ED548C2FAF6}.Release|Any CPU.Build.0 = Release|Any CPU
		{8D348BD1-B6E3-4A77-BE3C-9ED548C2FAF6}.Release|x64.ActiveCfg = Release|Any CPU
		{8D348BD1-B6E3-4A77-BE3C-9ED548C2FAF6}.Release|x64.Build.0 = Release|Any CPU
		{8D348BD1-B6E3-4A77-BE3C-9ED548C2FAF6}.Release|x86.ActiveCfg = Release|Any CPU
		{8D348BD1-B6E3-4A77-BE3C-9ED548C2FAF6}.Release|x86.Build.0 = Release|Any CPU
		{0836DE8F-5377-43F5-8BC9-043E87992863}.Debug|Any CPU.ActiveCfg = Debug|Any CPU
		{0836DE8F-5377-43F5-8BC9-043E87992863}.Debug|Any CPU.Build.0 = Debug|Any CPU
		{0836DE8F-5377-43F5-8BC9-043E87992863}.Debug|x64.ActiveCfg = Debug|Any CPU
		{0836DE8F-5377-43F5-8BC9-043E87992863}.Debug|x64.Build.0 = Debug|Any CPU
		{0836DE8F-5377-43F5-8BC9-043E87992863}.Debug|x86.ActiveCfg = Debug|Any CPU
		{0836DE8F-5377-43F5-8BC9-043E87992863}.Debug|x86.Build.0 = Debug|Any CPU
		{0836DE8F-5377-43F5-8BC9-043E87992863}.Release|Any CPU.ActiveCfg = Release|Any CPU
		{0836DE8F-5377-43F5-8BC9-043E87992863}.Release|Any CPU.Build.0 = Release|Any CPU
		{0836DE8F-5377-43F5-8BC9-043E87992863}.Release|x64.ActiveCfg = Release|Any CPU
		{0836DE8F-5377-43F5-8BC9-043E87992863}.Release|x64.Build.0 = Release|Any CPU
		{0836DE8F-5377-43F5-8BC9-043E87992863}.Release|x86.ActiveCfg = Release|Any CPU
		{0836DE8F-5377-43F5-8BC9-043E87992863}.Release|x86.Build.0 = Release|Any CPU
	EndGlobalSection
	GlobalSection(SolutionProperties) = preSolution
		HideSolutionNode = FALSE
	EndGlobalSection
	GlobalSection(NestedProjects) = preSolution
		{8D626EA8-CB54-BC41-363A-217881BEBA6E} = {827E0CD3-B72D-47B6-A68D-7590B98EB39B}
		{709FB5BE-9F27-474F-AB6D-825AC81AEB47} = {8D626EA8-CB54-BC41-363A-217881BEBA6E}
		{57F5859C-6F8D-4787-BE33-D5647232F347} = {8D626EA8-CB54-BC41-363A-217881BEBA6E}
		{9048EB7F-3875-A59E-E36B-5BD4C6F2A282} = {827E0CD3-B72D-47B6-A68D-7590B98EB39B}
		{B62DCCAB-8176-479B-B7F6-4232568A59F9} = {9048EB7F-3875-A59E-E36B-5BD4C6F2A282}
		{6996BBF7-DB31-59BC-C7DD-9A7CCC6138C4} = {827E0CD3-B72D-47B6-A68D-7590B98EB39B}
		{E3E29880-7987-44EE-B894-8658E9AF8A01} = {6996BBF7-DB31-59BC-C7DD-9A7CCC6138C4}
		{CEA09484-30F6-4D44-02F6-822E06DBC57C} = {827E0CD3-B72D-47B6-A68D-7590B98EB39B}
		{0CAF367A-A26E-462A-A3B1-206EABEF5D68} = {CEA09484-30F6-4D44-02F6-822E06DBC57C}
		{8D348BD1-B6E3-4A77-BE3C-9ED548C2FAF6} = {CEA09484-30F6-4D44-02F6-822E06DBC57C}
		{0836DE8F-5377-43F5-8BC9-043E87992863} = {CEA09484-30F6-4D44-02F6-822E06DBC57C}
	EndGlobalSection
EndGlobal
