
Microsoft Visual Studio Solution File, Format Version 12.00
# Visual Studio Version 17
VisualStudioVersion = 17.2.32505.173
MinimumVisualStudioVersion = 10.0.40219.1
Project("{FAE04EC0-301F-11D3-BF4B-00C04F79EFBC}") = "WebApplication1", "WebApplication1.csproj", "{FD4F83A5-1D26-4DD4-8BCE-9A25CBD620B6}"
EndProject
Global
	GlobalSection(SolutionConfigurationPlatforms) = preSolution
		Debug|Any CPU = Debug|Any CPU
		Release|Any CPU = Release|Any CPU
	EndGlobalSection
	GlobalSection(ProjectConfigurationPlatforms) = postSolution
		{FD4F83A5-1D26-4DD4-8BCE-9A25CBD620B6}.Debug|Any CPU.ActiveCfg = Debug|Any CPU
		{FD4F83A5-1D26-4DD4-8BCE-9A25CBD620B6}.Debug|Any CPU.Build.0 = Debug|Any CPU
		{FD4F83A5-1D26-4DD4-8BCE-9A25CBD620B6}.Release|Any CPU.ActiveCfg = Release|Any CPU
		{FD4F83A5-1D26-4DD4-8BCE-9A25CBD620B6}.Release|Any CPU.Build.0 = Release|Any CPU
	EndGlobalSection
	GlobalSection(SolutionProperties) = preSolution
		HideSolutionNode = FALSE
	EndGlobalSection
	GlobalSection(ExtensibilityGlobals) = postSolution
		SolutionGuid = {8AA93C38-4AC5-4CCB-9249-3783154FBAE2}
	EndGlobalSection
EndGlobal
